// !$*UTF8*$!
{
	archiveVersion = 1;
	classes = {
	};
	objectVersion = 77;
	objects = {

/* Begin PBXBuildFile section */
		A1A375982EFB941900B25F2F /* KakaoSDKAuth in Frameworks */ = {isa = PBXBuildFile; productRef = A1A375972EFB941900B25F2F /* KakaoSDKAuth */; };
		A1A3759A2EFB941900B25F2F /* KakaoSDKCommon in Frameworks */ = {isa = PBXBuildFile; productRef = A1A375992EFB941900B25F2F /* KakaoSDKCommon */; };
		A1A3759C2EFB941900B25F2F /* KakaoSDKUser in Frameworks */ = {isa = PBXBuildFile; productRef = A1A3759B2EFB941900B25F2F /* KakaoSDKUser */; };
		A1A3763B2EFEE68F00B25F2F /* FirebaseFunctions in Frameworks */ = {isa = PBXBuildFile; productRef = A1A3763A2EFEE68F00B25F2F /* FirebaseFunctions */; };
		A1A3768E2F02F3B400B25F2F /* NidThirdPartyLogin in Frameworks */ = {isa = PBXBuildFile; productRef = A1A3768D2F02F3B400B25F2F /* NidThirdPartyLogin */; };
		A1CCA3032EF31A77004FE4D0 /* FirebaseAI in Frameworks */ = {isa = PBXBuildFile; productRef = A1CCA3022EF31A77004FE4D0 /* FirebaseAI */; };
		A1CCA3052EF31A77004FE4D0 /* FirebaseAnalytics in Frameworks */ = {isa = PBXBuildFile; productRef = A1CCA3042EF31A77004FE4D0 /* FirebaseAnalytics */; };
		A1CCA3072EF31A77004FE4D0 /* FirebaseAnalyticsCore in Frameworks */ = {isa = PBXBuildFile; productRef = A1CCA3062EF31A77004FE4D0 /* FirebaseAnalyticsCore */; };
		A1CCA3092EF31A77004FE4D0 /* FirebaseAuth in Frameworks */ = {isa = PBXBuildFile; productRef = A1CCA3082EF31A77004FE4D0 /* FirebaseAuth */; };
		A1CCA30B2EF31A77004FE4D0 /* FirebaseAuthCombine-Community in Frameworks */ = {isa = PBXBuildFile; productRef = A1CCA30A2EF31A77004FE4D0 /* FirebaseAuthCombine-Community */; };
		A1CCA30D2EF31A77004FE4D0 /* FirebaseCrashlytics in Frameworks */ = {isa = PBXBuildFile; productRef = A1CCA30C2EF31A77004FE4D0 /* FirebaseCrashlytics */; };
		A1CCA30F2EF31A77004FE4D0 /* FirebaseDatabase in Frameworks */ = {isa = PBXBuildFile; productRef = A1CCA30E2EF31A77004FE4D0 /* FirebaseDatabase */; };
		A1CCA3112EF31A77004FE4D0 /* FirebaseFirestore in Frameworks */ = {isa = PBXBuildFile; productRef = A1CCA3102EF31A77004FE4D0 /* FirebaseFirestore */; };
		A1CCA3132EF31A77004FE4D0 /* FirebaseMessaging in Frameworks */ = {isa = PBXBuildFile; productRef = A1CCA3122EF31A77004FE4D0 /* FirebaseMessaging */; };
		A1CCA3152EF31A77004FE4D0 /* FirebasePerformance in Frameworks */ = {isa = PBXBuildFile; productRef = A1CCA3142EF31A77004FE4D0 /* FirebasePerformance */; };
		A1CCA3172EF31A77004FE4D0 /* FirebaseStorage in Frameworks */ = {isa = PBXBuildFile; productRef = A1CCA3162EF31A77004FE4D0 /* FirebaseStorage */; };
		A1CCA35E2EF9B462004FE4D0 /* GoogleSignIn in Frameworks */ = {isa = PBXBuildFile; productRef = A1CCA35D2EF9B462004FE4D0 /* GoogleSignIn */; };
		A1CCA3602EF9B462004FE4D0 /* GoogleSignInSwift in Frameworks */ = {isa = PBXBuildFile; productRef = A1CCA35F2EF9B462004FE4D0 /* GoogleSignInSwift */; };
/* End PBXBuildFile section */

/* Begin PBXContainerItemProxy section */
		A1CCA0B02EF294A5004FE4D0 /* PBXContainerItemProxy */ = {
			isa = PBXContainerItemProxy;
			containerPortal = A1CCA0912EF294A3004FE4D0 /* Project object */;
			proxyType = 1;
			remoteGlobalIDString = A1CCA0982EF294A3004FE4D0;
			remoteInfo = PulseBoard;
		};
		A1CCA0BA2EF294A5004FE4D0 /* PBXContainerItemProxy */ = {
			isa = PBXContainerItemProxy;
			containerPortal = A1CCA0912EF294A3004FE4D0 /* Project object */;
			proxyType = 1;
			remoteGlobalIDString = A1CCA0982EF294A3004FE4D0;
			remoteInfo = PulseBoard;
		};
/* End PBXContainerItemProxy section */

/* Begin PBXFileReference section */
		A1CCA0992EF294A3004FE4D0 /* PulseBoard.app */ = {isa = PBXFileReference; explicitFileType = wrapper.application; includeInIndex = 0; path = PulseBoard.app; sourceTree = BUILT_PRODUCTS_DIR; };
		A1CCA0AF2EF294A5004FE4D0 /* PulseBoardTests.xctest */ = {isa = PBXFileReference; explicitFileType = wrapper.cfbundle; includeInIndex = 0; path = PulseBoardTests.xctest; sourceTree = BUILT_PRODUCTS_DIR; };
		A1CCA0B92EF294A5004FE4D0 /* PulseBoardUITests.xctest */ = {isa = PBXFileReference; explicitFileType = wrapper.cfbundle; includeInIndex = 0; path = PulseBoardUITests.xctest; sourceTree = BUILT_PRODUCTS_DIR; };
/* End PBXFileReference section */

/* Begin PBXFileSystemSynchronizedBuildFileExceptionSet section */
		A1CCA0C12EF294A5004FE4D0 /* Exceptions for "PulseBoard" folder in "PulseBoard" target */ = {
			isa = PBXFileSystemSynchronizedBuildFileExceptionSet;
			membershipExceptions = (
				Info.plist,
			);
			target = A1CCA0982EF294A3004FE4D0 /* PulseBoard */;
		};
/* End PBXFileSystemSynchronizedBuildFileExceptionSet section */

/* Begin PBXFileSystemSynchronizedRootGroup section */
		A1CCA09B2EF294A3004FE4D0 /* PulseBoard */ = {
			isa = PBXFileSystemSynchronizedRootGroup;
			exceptions = (
				A1CCA0C12EF294A5004FE4D0 /* Exceptions for "PulseBoard" folder in "PulseBoard" target */,
			);
			path = PulseBoard;
			sourceTree = "<group>";
		};
		A1CCA0B22EF294A5004FE4D0 /* PulseBoardTests */ = {
			isa = PBXFileSystemSynchronizedRootGroup;
			path = PulseBoardTests;
			sourceTree = "<group>";
		};
		A1CCA0BC2EF294A5004FE4D0 /* PulseBoardUITests */ = {
			isa = PBXFileSystemSynchronizedRootGroup;
			path = PulseBoardUITests;
			sourceTree = "<group>";
		};
/* End PBXFileSystemSynchronizedRootGroup section */

/* Begin PBXFrameworksBuildPhase section */
		A1CCA0962EF294A3004FE4D0 /* Frameworks */ = {
			isa = PBXFrameworksBuildPhase;
			buildActionMask = 2147483647;
			files = (
				A1A3763B2EFEE68F00B25F2F /* FirebaseFunctions in Frameworks */,
				A1CCA3132EF31A77004FE4D0 /* FirebaseMessaging in Frameworks */,
				A1CCA3052EF31A77004FE4D0 /* FirebaseAnalytics in Frameworks */,
				A1CCA3152EF31A77004FE4D0 /* FirebasePerformance in Frameworks */,
				A1CCA3072EF31A77004FE4D0 /* FirebaseAnalyticsCore in Frameworks */,
				A1A3768E2F02F3B400B25F2F /* NidThirdPartyLogin in Frameworks */,
				A1A3759C2EFB941900B25F2F /* KakaoSDKUser in Frameworks */,
				A1CCA3032EF31A77004FE4D0 /* FirebaseAI in Frameworks */,
				A1CCA3602EF9B462004FE4D0 /* GoogleSignInSwift in Frameworks */,
				A1CCA35E2EF9B462004FE4D0 /* GoogleSignIn in Frameworks */,
				A1A375982EFB941900B25F2F /* KakaoSDKAuth in Frameworks */,
				A1CCA30D2EF31A77004FE4D0 /* FirebaseCrashlytics in Frameworks */,
				A1CCA3092EF31A77004FE4D0 /* FirebaseAuth in Frameworks */,
				A1CCA3112EF31A77004FE4D0 /* FirebaseFirestore in Frameworks */,
				A1CCA3172EF31A77004FE4D0 /* FirebaseStorage in Frameworks */,
				A1CCA30F2EF31A77004FE4D0 /* FirebaseDatabase in Frameworks */,
				A1A3759A2EFB941900B25F2F /* KakaoSDKCommon in Frameworks */,
				A1CCA30B2EF31A77004FE4D0 /* FirebaseAuthCombine-Community in Frameworks */,
			);
			runOnlyForDeploymentPostprocessing = 0;
		};
		A1CCA0AC2EF294A5004FE4D0 /* Frameworks */ = {
			isa = PBXFrameworksBuildPhase;
			buildActionMask = 2147483647;
			files = (
			);
			runOnlyForDeploymentPostprocessing = 0;
		};
		A1CCA0B62EF294A5004FE4D0 /* Frameworks */ = {
			isa = PBXFrameworksBuildPhase;
			buildActionMask = 2147483647;
			files = (
			);
			runOnlyForDeploymentPostprocessing = 0;
		};
/* End PBXFrameworksBuildPhase section */

/* Begin PBXGroup section */
		A1A376392EFEE66600B25F2F /* Frameworks */ = {
			isa = PBXGroup;
			children = (
			);
			name = Frameworks;
			sourceTree = "<group>";
		};
		A1CCA0902EF294A3004FE4D0 = {
			isa = PBXGroup;
			children = (
				A1CCA09B2EF294A3004FE4D0 /* PulseBoard */,
				A1CCA0B22EF294A5004FE4D0 /* PulseBoardTests */,
				A1CCA0BC2EF294A5004FE4D0 /* PulseBoardUITests */,
				A1A376392EFEE66600B25F2F /* Frameworks */,
				A1CCA09A2EF294A3004FE4D0 /* Products */,
			);
			sourceTree = "<group>";
		};
		A1CCA09A2EF294A3004FE4D0 /* Products */ = {
			isa = PBXGroup;
			children = (
				A1CCA0992EF294A3004FE4D0 /* PulseBoard.app */,
				A1CCA0AF2EF294A5004FE4D0 /* PulseBoardTests.xctest */,
				A1CCA0B92EF294A5004FE4D0 /* PulseBoardUITests.xctest */,
			);
			name = Products;
			sourceTree = "<group>";
		};
/* End PBXGroup section */

/* Begin PBXNativeTarget section */
		A1CCA0982EF294A3004FE4D0 /* PulseBoard */ = {
			isa = PBXNativeTarget;
			buildConfigurationList = A1CCA0C22EF294A5004FE4D0 /* Build configuration list for PBXNativeTarget "PulseBoard" */;
			buildPhases = (
				A1CCA0952EF294A3004FE4D0 /* Sources */,
				A1CCA0962EF294A3004FE4D0 /* Frameworks */,
				A1CCA0972EF294A3004FE4D0 /* Resources */,
			);
			buildRules = (
			);
			dependencies = (
			);
			fileSystemSynchronizedGroups = (
				A1CCA09B2EF294A3004FE4D0 /* PulseBoard */,
			);
			name = PulseBoard;
			packageProductDependencies = (
				A1CCA3022EF31A77004FE4D0 /* FirebaseAI */,
				A1CCA3042EF31A77004FE4D0 /* FirebaseAnalytics */,
				A1CCA3062EF31A77004FE4D0 /* FirebaseAnalyticsCore */,
				A1CCA3082EF31A77004FE4D0 /* FirebaseAuth */,
				A1CCA30A2EF31A77004FE4D0 /* FirebaseAuthCombine-Community */,
				A1CCA30C2EF31A77004FE4D0 /* FirebaseCrashlytics */,
				A1CCA30E2EF31A77004FE4D0 /* FirebaseDatabase */,
				A1CCA3102EF31A77004FE4D0 /* FirebaseFirestore */,
				A1CCA3122EF31A77004FE4D0 /* FirebaseMessaging */,
				A1CCA3142EF31A77004FE4D0 /* FirebasePerformance */,
				A1CCA3162EF31A77004FE4D0 /* FirebaseStorage */,
				A1CCA35D2EF9B462004FE4D0 /* GoogleSignIn */,
				A1CCA35F2EF9B462004FE4D0 /* GoogleSignInSwift */,
				A1A375972EFB941900B25F2F /* KakaoSDKAuth */,
				A1A375992EFB941900B25F2F /* KakaoSDKCommon */,
				A1A3759B2EFB941900B25F2F /* KakaoSDKUser */,
				A1A3763A2EFEE68F00B25F2F /* FirebaseFunctions */,
				A1A3768D2F02F3B400B25F2F /* NidThirdPartyLogin */,
			);
			productName = PulseBoard;
			productReference = A1CCA0992EF294A3004FE4D0 /* PulseBoard.app */;
			productType = "com.apple.product-type.application";
		};
		A1CCA0AE2EF294A5004FE4D0 /* PulseBoardTests */ = {
			isa = PBXNativeTarget;
			buildConfigurationList = A1CCA0C72EF294A5004FE4D0 /* Build configuration list for PBXNativeTarget "PulseBoardTests" */;
			buildPhases = (
				A1CCA0AB2EF294A5004FE4D0 /* Sources */,
				A1CCA0AC2EF294A5004FE4D0 /* Frameworks */,
				A1CCA0AD2EF294A5004FE4D0 /* Resources */,
			);
			buildRules = (
			);
			dependencies = (
				A1CCA0B12EF294A5004FE4D0 /* PBXTargetDependency */,
			);
			fileSystemSynchronizedGroups = (
				A1CCA0B22EF294A5004FE4D0 /* PulseBoardTests */,
			);
			name = PulseBoardTests;
			packageProductDependencies = (
			);
			productName = PulseBoardTests;
			productReference = A1CCA0AF2EF294A5004FE4D0 /* PulseBoardTests.xctest */;
			productType = "com.apple.product-type.bundle.unit-test";
		};
		A1CCA0B82EF294A5004FE4D0 /* PulseBoardUITests */ = {
			isa = PBXNativeTarget;
			buildConfigurationList = A1CCA0CA2EF294A5004FE4D0 /* Build configuration list for PBXNativeTarget "PulseBoardUITests" */;
			buildPhases = (
				A1CCA0B52EF294A5004FE4D0 /* Sources */,
				A1CCA0B62EF294A5004FE4D0 /* Frameworks */,
				A1CCA0B72EF294A5004FE4D0 /* Resources */,
			);
			buildRules = (
			);
			dependencies = (
				A1CCA0BB2EF294A5004FE4D0 /* PBXTargetDependency */,
			);
			fileSystemSynchronizedGroups = (
				A1CCA0BC2EF294A5004FE4D0 /* PulseBoardUITests */,
			);
			name = PulseBoardUITests;
			packageProductDependencies = (
			);
			productName = PulseBoardUITests;
			productReference = A1CCA0B92EF294A5004FE4D0 /* PulseBoardUITests.xctest */;
			productType = "com.apple.product-type.bundle.ui-testing";
		};
/* End PBXNativeTarget section */

/* Begin PBXProject section */
		A1CCA0912EF294A3004FE4D0 /* Project object */ = {
			isa = PBXProject;
			attributes = {
				BuildIndependentTargetsInParallel = 1;
				LastSwiftUpdateCheck = 1640;
				LastUpgradeCheck = 1640;
				TargetAttributes = {
					A1CCA0982EF294A3004FE4D0 = {
						CreatedOnToolsVersion = 16.4;
					};
					A1CCA0AE2EF294A5004FE4D0 = {
						CreatedOnToolsVersion = 16.4;
						TestTargetID = A1CCA0982EF294A3004FE4D0;
					};
					A1CCA0B82EF294A5004FE4D0 = {
						CreatedOnToolsVersion = 16.4;
						TestTargetID = A1CCA0982EF294A3004FE4D0;
					};
				};
			};
			buildConfigurationList = A1CCA0942EF294A3004FE4D0 /* Build configuration list for PBXProject "PulseBoard" */;
			developmentRegion = en;
			hasScannedForEncodings = 0;
			knownRegions = (
				en,
				Base,
			);
			mainGroup = A1CCA0902EF294A3004FE4D0;
			minimizedProjectReferenceProxies = 1;
			packageReferences = (
				A1CCA3012EF31A77004FE4D0 /* XCRemoteSwiftPackageReference "firebase-ios-sdk" */,
				A1CCA35C2EF9B462004FE4D0 /* XCRemoteSwiftPackageReference "GoogleSignIn-iOS" */,
				A1A375962EFB941900B25F2F /* XCRemoteSwiftPackageReference "kakao-ios-sdk" */,
				A1A3768C2F02F3B400B25F2F /* XCRemoteSwiftPackageReference "naveridlogin-sdk-ios-swift" */,
			);
			preferredProjectObjectVersion = 77;
			productRefGroup = A1CCA09A2EF294A3004FE4D0 /* Products */;
			projectDirPath = "";
			projectRoot = "";
			targets = (
				A1CCA0982EF294A3004FE4D0 /* PulseBoard */,
				A1CCA0AE2EF294A5004FE4D0 /* PulseBoardTests */,
				A1CCA0B82EF294A5004FE4D0 /* PulseBoardUITests */,
			);
		};
/* End PBXProject section */

/* Begin PBXResourcesBuildPhase section */
		A1CCA0972EF294A3004FE4D0 /* Resources */ = {
			isa = PBXResourcesBuildPhase;
			buildActionMask = 2147483647;
			files = (
			);
			runOnlyForDeploymentPostprocessing = 0;
		};
		A1CCA0AD2EF294A5004FE4D0 /* Resources */ = {
			isa = PBXResourcesBuildPhase;
			buildActionMask = 2147483647;
			files = (
			);
			runOnlyForDeploymentPostprocessing = 0;
		};
		A1CCA0B72EF294A5004FE4D0 /* Resources */ = {
			isa = PBXResourcesBuildPhase;
			buildActionMask = 2147483647;
			files = (
			);
			runOnlyForDeploymentPostprocessing = 0;
		};
/* End PBXResourcesBuildPhase section */

/* Begin PBXSourcesBuildPhase section */
		A1CCA0952EF294A3004FE4D0 /* Sources */ = {
			isa = PBXSourcesBuildPhase;
			buildActionMask = 2147483647;
			files = (
			);
			runOnlyForDeploymentPostprocessing = 0;
		};
		A1CCA0AB2EF294A5004FE4D0 /* Sources */ = {
			isa = PBXSourcesBuildPhase;
			buildActionMask = 2147483647;
			files = (
			);
			runOnlyForDeploymentPostprocessing = 0;
		};
		A1CCA0B52EF294A5004FE4D0 /* Sources */ = {
			isa = PBXSourcesBuildPhase;
			buildActionMask = 2147483647;
			files = (
			);
			runOnlyForDeploymentPostprocessing = 0;
		};
/* End PBXSourcesBuildPhase section */

/* Begin PBXTargetDependency section */
		A1CCA0B12EF294A5004FE4D0 /* PBXTargetDependency */ = {
			isa = PBXTargetDependency;
			target = A1CCA0982EF294A3004FE4D0 /* PulseBoard */;
			targetProxy = A1CCA0B02EF294A5004FE4D0 /* PBXContainerItemProxy */;
		};
		A1CCA0BB2EF294A5004FE4D0 /* PBXTargetDependency */ = {
			isa = PBXTargetDependency;
			target = A1CCA0982EF294A3004FE4D0 /* PulseBoard */;
			targetProxy = A1CCA0BA2EF294A5004FE4D0 /* PBXContainerItemProxy */;
		};
/* End PBXTargetDependency section */

/* Begin XCBuildConfiguration section */
		A1CCA0C32EF294A5004FE4D0 /* Debug */ = {
			isa = XCBuildConfiguration;
			buildSettings = {
				ASSETCATALOG_COMPILER_APPICON_NAME = AppIcon;
				ASSETCATALOG_COMPILER_GLOBAL_ACCENT_COLOR_NAME = AccentColor;
				CODE_SIGN_ENTITLEMENTS = PulseBoard/PulseBoard.entitlements;
				CODE_SIGN_STYLE = Automatic;
				CURRENT_PROJECT_VERSION = 1;
				DEVELOPMENT_TEAM = P9NXT375QP;
				GENERATE_INFOPLIST_FILE = YES;
				INFOPLIST_FILE = PulseBoard/Info.plist;
				INFOPLIST_KEY_CFBundleDisplayName = PulseBoard;
				INFOPLIST_KEY_LSApplicationCategoryType = "public.app-category.social-networking";
				INFOPLIST_KEY_UIApplicationSupportsIndirectInputEvents = YES;
				INFOPLIST_KEY_UILaunchStoryboardName = LaunchScreen;
				INFOPLIST_KEY_UIMainStoryboardFile = Main;
				INFOPLIST_KEY_UIStatusBarStyle = "";
				INFOPLIST_KEY_UISupportedInterfaceOrientations = UIInterfaceOrientationPortrait;
				INFOPLIST_KEY_UISupportedInterfaceOrientations_iPad = "UIInterfaceOrientationLandscapeLeft UIInterfaceOrientationLandscapeRight UIInterfaceOrientationPortrait UIInterfaceOrientationPortraitUpsideDown";
				LD_RUNPATH_SEARCH_PATHS = (
					"$(inherited)",
					"@executable_path/Frameworks",
				);
				MARKETING_VERSION = 1.0;
				PRODUCT_BUNDLE_IDENTIFIER = com.jungguen.PulseBoard;
				PRODUCT_NAME = "$(TARGET_NAME)";
				SUPPORTED_PLATFORMS = "iphoneos iphonesimulator";
				SUPPORTS_MACCATALYST = NO;
				SUPPORTS_MAC_DESIGNED_FOR_IPHONE_IPAD = NO;
				SUPPORTS_XR_DESIGNED_FOR_IPHONE_IPAD = NO;
				SWIFT_EMIT_LOC_STRINGS = YES;
				SWIFT_VERSION = 5.0;
				TARGETED_DEVICE_FAMILY = 1;
			};
			name = Debug;
		};
		A1CCA0C42EF294A5004FE4D0 /* Release */ = {
			isa = XCBuildConfiguration;
			buildSettings = {
				ASSETCATALOG_COMPILER_APPICON_NAME = AppIcon;
				ASSETCATALOG_COMPILER_GLOBAL_ACCENT_COLOR_NAME = AccentColor;
				CODE_SIGN_ENTITLEMENTS = PulseBoard/PulseBoard.entitlements;
				CODE_SIGN_STYLE = Automatic;
				CURRENT_PROJECT_VERSION = 1;
				DEVELOPMENT_TEAM = P9NXT375QP;
				GENERATE_INFOPLIST_FILE = YES;
				INFOPLIST_FILE = PulseBoard/Info.plist;
				INFOPLIST_KEY_CFBundleDisplayName = PulseBoard;
				INFOPLIST_KEY_LSApplicationCategoryType = "public.app-category.social-networking";
				INFOPLIST_KEY_UIApplicationSupportsIndirectInputEvents = YES;
				INFOPLIST_KEY_UILaunchStoryboardName = LaunchScreen;
				INFOPLIST_KEY_UIMainStoryboardFile = Main;
				INFOPLIST_KEY_UIStatusBarStyle = "";
				INFOPLIST_KEY_UISupportedInterfaceOrientations = UIInterfaceOrientationPortrait;
				INFOPLIST_KEY_UISupportedInterfaceOrientations_iPad = "UIInterfaceOrientationLandscapeLeft UIInterfaceOrientationLandscapeRight UIInterfaceOrientationPortrait UIInterfaceOrientationPortraitUpsideDown";
				LD_RUNPATH_SEARCH_PATHS = (
					"$(inherited)",
					"@executable_path/Frameworks",
				);
				MARKETING_VERSION = 1.0;
				PRODUCT_BUNDLE_IDENTIFIER = com.jungguen.PulseBoard;
				PRODUCT_NAME = "$(TARGET_NAME)";
				SUPPORTED_PLATFORMS = "iphoneos iphonesimulator";
				SUPPORTS_MACCATALYST = NO;
				SUPPORTS_MAC_DESIGNED_FOR_IPHONE_IPAD = NO;
				SUPPORTS_XR_DESIGNED_FOR_IPHONE_IPAD = NO;
				SWIFT_EMIT_LOC_STRINGS = YES;
				SWIFT_VERSION = 5.0;
				TARGETED_DEVICE_FAMILY = 1;
			};
			name = Release;
		};
		A1CCA0C52EF294A5004FE4D0 /* Debug */ = {
			isa = XCBuildConfiguration;
			buildSettings = {
				ALWAYS_SEARCH_USER_PATHS = NO;
				ASSETCATALOG_COMPILER_GENERATE_SWIFT_ASSET_SYMBOL_EXTENSIONS = YES;
				CLANG_ANALYZER_NONNULL = YES;
				CLANG_ANALYZER_NUMBER_OBJECT_CONVERSION = YES_AGGRESSIVE;
				CLANG_CXX_LANGUAGE_STANDARD = "gnu++20";
				CLANG_ENABLE_MODULES = YES;
				CLANG_ENABLE_OBJC_ARC = YES;
				CLANG_ENABLE_OBJC_WEAK = YES;
				CLANG_WARN_BLOCK_CAPTURE_AUTORELEASING = YES;
				CLANG_WARN_BOOL_CONVERSION = YES;
				CLANG_WARN_COMMA = YES;
				CLANG_WARN_CONSTANT_CONVERSION = YES;
				CLANG_WARN_DEPRECATED_OBJC_IMPLEMENTATIONS = YES;
				CLANG_WARN_DIRECT_OBJC_ISA_USAGE = YES_ERROR;
				CLANG_WARN_DOCUMENTATION_COMMENTS = YES;
				CLANG_WARN_EMPTY_BODY = YES;
				CLANG_WARN_ENUM_CONVERSION = YES;
				CLANG_WARN_INFINITE_RECURSION = YES;
				CLANG_WARN_INT_CONVERSION = YES;
				CLANG_WARN_NON_LITERAL_NULL_CONVERSION = YES;
				CLANG_WARN_OBJC_IMPLICIT_RETAIN_SELF = YES;
				CLANG_WARN_OBJC_LITERAL_CONVERSION = YES;
				CLANG_WARN_OBJC_ROOT_CLASS = YES_ERROR;
				CLANG_WARN_QUOTED_INCLUDE_IN_FRAMEWORK_HEADER = YES;
				CLANG_WARN_RANGE_LOOP_ANALYSIS = YES;
				CLANG_WARN_STRICT_PROTOTYPES = YES;
				CLANG_WARN_SUSPICIOUS_MOVE = YES;
				CLANG_WARN_UNGUARDED_AVAILABILITY = YES_AGGRESSIVE;
				CLANG_WARN_UNREACHABLE_CODE = YES;
				CLANG_WARN__DUPLICATE_METHOD_MATCH = YES;
				COPY_PHASE_STRIP = NO;
				DEBUG_INFORMATION_FORMAT = dwarf;
				DEVELOPMENT_TEAM = P9NXT375QP;
				ENABLE_STRICT_OBJC_MSGSEND = YES;
				ENABLE_TESTABILITY = YES;
				ENABLE_USER_SCRIPT_SANDBOXING = YES;
				GCC_C_LANGUAGE_STANDARD = gnu17;
				GCC_DYNAMIC_NO_PIC = NO;
				GCC_NO_COMMON_BLOCKS = YES;
				GCC_OPTIMIZATION_LEVEL = 0;
				GCC_PREPROCESSOR_DEFINITIONS = (
					"DEBUG=1",
					"$(inherited)",
				);
				GCC_WARN_64_TO_32_BIT_CONVERSION = YES;
				GCC_WARN_ABOUT_RETURN_TYPE = YES_ERROR;
				GCC_WARN_UNDECLARED_SELECTOR = YES;
				GCC_WARN_UNINITIALIZED_AUTOS = YES_AGGRESSIVE;
				GCC_WARN_UNUSED_FUNCTION = YES;
				GCC_WARN_UNUSED_VARIABLE = YES;
				IPHONEOS_DEPLOYMENT_TARGET = 18.5;
				LOCALIZATION_PREFERS_STRING_CATALOGS = YES;
				MTL_ENABLE_DEBUG_INFO = INCLUDE_SOURCE;
				MTL_FAST_MATH = YES;
				ONLY_ACTIVE_ARCH = YES;
				SDKROOT = iphoneos;
				SWIFT_ACTIVE_COMPILATION_CONDITIONS = "DEBUG $(inherited)";
				SWIFT_OPTIMIZATION_LEVEL = "-Onone";
			};
			name = Debug;
		};
		A1CCA0C62EF294A5004FE4D0 /* Release */ = {
			isa = XCBuildConfiguration;
			buildSettings = {
				ALWAYS_SEARCH_USER_PATHS = NO;
				ASSETCATALOG_COMPILER_GENERATE_SWIFT_ASSET_SYMBOL_EXTENSIONS = YES;
				CLANG_ANALYZER_NONNULL = YES;
				CLANG_ANALYZER_NUMBER_OBJECT_CONVERSION = YES_AGGRESSIVE;
				CLANG_CXX_LANGUAGE_STANDARD = "gnu++20";
				CLANG_ENABLE_MODULES = YES;
				CLANG_ENABLE_OBJC_ARC = YES;
				CLANG_ENABLE_OBJC_WEAK = YES;
				CLANG_WARN_BLOCK_CAPTURE_AUTORELEASING = YES;
				CLANG_WARN_BOOL_CONVERSION = YES;
				CLANG_WARN_COMMA = YES;
				CLANG_WARN_CONSTANT_CONVERSION = YES;
				CLANG_WARN_DEPRECATED_OBJC_IMPLEMENTATIONS = YES;
				CLANG_WARN_DIRECT_OBJC_ISA_USAGE = YES_ERROR;
				CLANG_WARN_DOCUMENTATION_COMMENTS = YES;
				CLANG_WARN_EMPTY_BODY = YES;
				CLANG_WARN_ENUM_CONVERSION = YES;
				CLANG_WARN_INFINITE_RECURSION = YES;
				CLANG_WARN_INT_CONVERSION = YES;
				CLANG_WARN_NON_LITERAL_NULL_CONVERSION = YES;
				CLANG_WARN_OBJC_IMPLICIT_RETAIN_SELF = YES;
				CLANG_WARN_OBJC_LITERAL_CONVERSION = YES;
				CLANG_WARN_OBJC_ROOT_CLASS = YES_ERROR;
				CLANG_WARN_QUOTED_INCLUDE_IN_FRAMEWORK_HEADER = YES;
				CLANG_WARN_RANGE_LOOP_ANALYSIS = YES;
				CLANG_WARN_STRICT_PROTOTYPES = YES;
				CLANG_WARN_SUSPICIOUS_MOVE = YES;
				CLANG_WARN_UNGUARDED_AVAILABILITY = YES_AGGRESSIVE;
				CLANG_WARN_UNREACHABLE_CODE = YES;
				CLANG_WARN__DUPLICATE_METHOD_MATCH = YES;
				COPY_PHASE_STRIP = NO;
				DEBUG_INFORMATION_FORMAT = "dwarf-with-dsym";
				DEVELOPMENT_TEAM = P9NXT375QP;
				ENABLE_NS_ASSERTIONS = NO;
				ENABLE_STRICT_OBJC_MSGSEND = YES;
				ENABLE_USER_SCRIPT_SANDBOXING = YES;
				GCC_C_LANGUAGE_STANDARD = gnu17;
				GCC_NO_COMMON_BLOCKS = YES;
				GCC_WARN_64_TO_32_BIT_CONVERSION = YES;
				GCC_WARN_ABOUT_RETURN_TYPE = YES_ERROR;
				GCC_WARN_UNDECLARED_SELECTOR = YES;
				GCC_WARN_UNINITIALIZED_AUTOS = YES_AGGRESSIVE;
				GCC_WARN_UNUSED_FUNCTION = YES;
				GCC_WARN_UNUSED_VARIABLE = YES;
				IPHONEOS_DEPLOYMENT_TARGET = 18.5;
				LOCALIZATION_PREFERS_STRING_CATALOGS = YES;
				MTL_ENABLE_DEBUG_INFO = NO;
				MTL_FAST_MATH = YES;
				SDKROOT = iphoneos;
				SWIFT_COMPILATION_MODE = wholemodule;
				VALIDATE_PRODUCT = YES;
			};
			name = Release;
		};
		A1CCA0C82EF294A5004FE4D0 /* Debug */ = {
			isa = XCBuildConfiguration;
			buildSettings = {
				BUNDLE_LOADER = "$(TEST_HOST)";
				CODE_SIGN_STYLE = Automatic;
				CURRENT_PROJECT_VERSION = 1;
				DEVELOPMENT_TEAM = P9NXT375QP;
				GENERATE_INFOPLIST_FILE = YES;
				IPHONEOS_DEPLOYMENT_TARGET = 18.5;
				MARKETING_VERSION = 1.0;
				PRODUCT_BUNDLE_IDENTIFIER = com.jungguen.PulseBoardTests;
				PRODUCT_NAME = "$(TARGET_NAME)";
				SWIFT_EMIT_LOC_STRINGS = NO;
				SWIFT_VERSION = 5.0;
				TARGETED_DEVICE_FAMILY = "1,2";
				TEST_HOST = "$(BUILT_PRODUCTS_DIR)/PulseBoard.app/$(BUNDLE_EXECUTABLE_FOLDER_PATH)/PulseBoard";
			};
			name = Debug;
		};
		A1CCA0C92EF294A5004FE4D0 /* Release */ = {
			isa = XCBuildConfiguration;
			buildSettings = {
				BUNDLE_LOADER = "$(TEST_HOST)";
				CODE_SIGN_STYLE = Automatic;
				CURRENT_PROJECT_VERSION = 1;
				DEVELOPMENT_TEAM = P9NXT375QP;
				GENERATE_INFOPLIST_FILE = YES;
				IPHONEOS_DEPLOYMENT_TARGET = 18.5;
				MARKETING_VERSION = 1.0;
				PRODUCT_BUNDLE_IDENTIFIER = com.jungguen.PulseBoardTests;
				PRODUCT_NAME = "$(TARGET_NAME)";
				SWIFT_EMIT_LOC_STRINGS = NO;
				SWIFT_VERSION = 5.0;
				TARGETED_DEVICE_FAMILY = "1,2";
				TEST_HOST = "$(BUILT_PRODUCTS_DIR)/PulseBoard.app/$(BUNDLE_EXECUTABLE_FOLDER_PATH)/PulseBoard";
			};
			name = Release;
		};
		A1CCA0CB2EF294A5004FE4D0 /* Debug */ = {
			isa = XCBuildConfiguration;
			buildSettings = {
				CODE_SIGN_STYLE = Automatic;
				CURRENT_PROJECT_VERSION = 1;
				DEVELOPMENT_TEAM = P9NXT375QP;
				GENERATE_INFOPLIST_FILE = YES;
				MARKETING_VERSION = 1.0;
				PRODUCT_BUNDLE_IDENTIFIER = com.jungguen.PulseBoardUITests;
				PRODUCT_NAME = "$(TARGET_NAME)";
				SWIFT_EMIT_LOC_STRINGS = NO;
				SWIFT_VERSION = 5.0;
				TARGETED_DEVICE_FAMILY = "1,2";
				TEST_TARGET_NAME = PulseBoard;
			};
			name = Debug;
		};
		A1CCA0CC2EF294A5004FE4D0 /* Release */ = {
			isa = XCBuildConfiguration;
			buildSettings = {
				CODE_SIGN_STYLE = Automatic;
				CURRENT_PROJECT_VERSION = 1;
				DEVELOPMENT_TEAM = P9NXT375QP;
				GENERATE_INFOPLIST_FILE = YES;
				MARKETING_VERSION = 1.0;
				PRODUCT_BUNDLE_IDENTIFIER = com.jungguen.PulseBoardUITests;
				PRODUCT_NAME = "$(TARGET_NAME)";
				SWIFT_EMIT_LOC_STRINGS = NO;
				SWIFT_VERSION = 5.0;
				TARGETED_DEVICE_FAMILY = "1,2";
				TEST_TARGET_NAME = PulseBoard;
			};
			name = Release;
		};
/* End XCBuildConfiguration section */

/* Begin XCConfigurationList section */
		A1CCA0942EF294A3004FE4D0 /* Build configuration list for PBXProject "PulseBoard" */ = {
			isa = XCConfigurationList;
			buildConfigurations = (
				A1CCA0C52EF294A5004FE4D0 /* Debug */,
				A1CCA0C62EF294A5004FE4D0 /* Release */,
			);
			defaultConfigurationIsVisible = 0;
			defaultConfigurationName = Release;
		};
		A1CCA0C22EF294A5004FE4D0 /* Build configuration list for PBXNativeTarget "PulseBoard" */ = {
			isa = XCConfigurationList;
			buildConfigurations = (
				A1CCA0C32EF294A5004FE4D0 /* Debug */,
				A1CCA0C42EF294A5004FE4D0 /* Release */,
			);
			defaultConfigurationIsVisible = 0;
			defaultConfigurationName = Release;
		};
		A1CCA0C72EF294A5004FE4D0 /* Build configuration list for PBXNativeTarget "PulseBoardTests" */ = {
			isa = XCConfigurationList;
			buildConfigurations = (
				A1CCA0C82EF294A5004FE4D0 /* Debug */,
				A1CCA0C92EF294A5004FE4D0 /* Release */,
			);
			defaultConfigurationIsVisible = 0;
			defaultConfigurationName = Release;
		};
		A1CCA0CA2EF294A5004FE4D0 /* Build configuration list for PBXNativeTarget "PulseBoardUITests" */ = {
			isa = XCConfigurationList;
			buildConfigurations = (
				A1CCA0CB2EF294A5004FE4D0 /* Debug */,
				A1CCA0CC2EF294A5004FE4D0 /* Release */,
			);
			defaultConfigurationIsVisible = 0;
			defaultConfigurationName = Release;
		};
/* End XCConfigurationList section */

/* Begin XCRemoteSwiftPackageReference section */
		A1A375962EFB941900B25F2F /* XCRemoteSwiftPackageReference "kakao-ios-sdk" */ = {
			isa = XCRemoteSwiftPackageReference;
			repositoryURL = "https://github.com/kakao/kakao-ios-sdk";
			requirement = {
				kind = upToNextMajorVersion;
				minimumVersion = 2.26.0;
			};
		};
		A1A3768C2F02F3B400B25F2F /* XCRemoteSwiftPackageReference "naveridlogin-sdk-ios-swift" */ = {
			isa = XCRemoteSwiftPackageReference;
			repositoryURL = "https://github.com/naver/naveridlogin-sdk-ios-swift";
			requirement = {
				kind = upToNextMajorVersion;
				minimumVersion = 5.1.0;
			};
		};
		A1CCA3012EF31A77004FE4D0 /* XCRemoteSwiftPackageReference "firebase-ios-sdk" */ = {
			isa = XCRemoteSwiftPackageReference;
			repositoryURL = "https://github.com/firebase/firebase-ios-sdk";
			requirement = {
				kind = upToNextMajorVersion;
				minimumVersion = 12.7.0;
			};
		};
		A1CCA35C2EF9B462004FE4D0 /* XCRemoteSwiftPackageReference "GoogleSignIn-iOS" */ = {
			isa = XCRemoteSwiftPackageReference;
			repositoryURL = "https://github.com/google/GoogleSignIn-iOS";
			requirement = {
				kind = upToNextMajorVersion;
				minimumVersion = 9.0.0;
			};
		};
/* End XCRemoteSwiftPackageReference section */

/* Begin XCSwiftPackageProductDependency section */
		A1A375972EFB941900B25F2F /* KakaoSDKAuth */ = {
			isa = XCSwiftPackageProductDependency;
			package = A1A375962EFB941900B25F2F /* XCRemoteSwiftPackageReference "kakao-ios-sdk" */;
			productName = KakaoSDKAuth;
		};
		A1A375992EFB941900B25F2F /* KakaoSDKCommon */ = {
			isa = XCSwiftPackageProductDependency;
			package = A1A375962EFB941900B25F2F /* XCRemoteSwiftPackageReference "kakao-ios-sdk" */;
			productName = KakaoSDKCommon;
		};
		A1A3759B2EFB941900B25F2F /* KakaoSDKUser */ = {
			isa = XCSwiftPackageProductDependency;
			package = A1A375962EFB941900B25F2F /* XCRemoteSwiftPackageReference "kakao-ios-sdk" */;
			productName = KakaoSDKUser;
		};
		A1A3763A2EFEE68F00B25F2F /* FirebaseFunctions */ = {
			isa = XCSwiftPackageProductDependency;
			package = A1CCA3012EF31A77004FE4D0 /* XCRemoteSwiftPackageReference "firebase-ios-sdk" */;
			productName = FirebaseFunctions;
		};
		A1A3768D2F02F3B400B25F2F /* NidThirdPartyLogin */ = {
			isa = XCSwiftPackageProductDependency;
			package = A1A3768C2F02F3B400B25F2F /* XCRemoteSwiftPackageReference "naveridlogin-sdk-ios-swift" */;
			productName = NidThirdPartyLogin;
		};
		A1CCA3022EF31A77004FE4D0 /* FirebaseAI */ = {
			isa = XCSwiftPackageProductDependency;
			package = A1CCA3012EF31A77004FE4D0 /* XCRemoteSwiftPackageReference "firebase-ios-sdk" */;
			productName = FirebaseAI;
		};
		A1CCA3042EF31A77004FE4D0 /* FirebaseAnalytics */ = {
			isa = XCSwiftPackageProductDependency;
			package = A1CCA3012EF31A77004FE4D0 /* XCRemoteSwiftPackageReference "firebase-ios-sdk" */;
			productName = FirebaseAnalytics;
		};
		A1CCA3062EF31A77004FE4D0 /* FirebaseAnalyticsCore */ = {
			isa = XCSwiftPackageProductDependency;
			package = A1CCA3012EF31A77004FE4D0 /* XCRemoteSwiftPackageReference "firebase-ios-sdk" */;
			productName = FirebaseAnalyticsCore;
		};
		A1CCA3082EF31A77004FE4D0 /* FirebaseAuth */ = {
			isa = XCSwiftPackageProductDependency;
			package = A1CCA3012EF31A77004FE4D0 /* XCRemoteSwiftPackageReference "firebase-ios-sdk" */;
			productName = FirebaseAuth;
		};
		A1CCA30A2EF31A77004FE4D0 /* FirebaseAuthCombine-Community */ = {
			isa = XCSwiftPackageProductDependency;
			package = A1CCA3012EF31A77004FE4D0 /* XCRemoteSwiftPackageReference "firebase-ios-sdk" */;
			productName = "FirebaseAuthCombine-Community";
		};
		A1CCA30C2EF31A77004FE4D0 /* FirebaseCrashlytics */ = {
			isa = XCSwiftPackageProductDependency;
			package = A1CCA3012EF31A77004FE4D0 /* XCRemoteSwiftPackageReference "firebase-ios-sdk" */;
			productName = FirebaseCrashlytics;
		};
		A1CCA30E2EF31A77004FE4D0 /* FirebaseDatabase */ = {
			isa = XCSwiftPackageProductDependency;
			package = A1CCA3012EF31A77004FE4D0 /* XCRemoteSwiftPackageReference "firebase-ios-sdk" */;
			productName = FirebaseDatabase;
		};
		A1CCA3102EF31A77004FE4D0 /* FirebaseFirestore */ = {
			isa = XCSwiftPackageProductDependency;
			package = A1CCA3012EF31A77004FE4D0 /* XCRemoteSwiftPackageReference "firebase-ios-sdk" */;
			productName = FirebaseFirestore;
		};
		A1CCA3122EF31A77004FE4D0 /* FirebaseMessaging */ = {
			isa = XCSwiftPackageProductDependency;
			package = A1CCA3012EF31A77004FE4D0 /* XCRemoteSwiftPackageReference "firebase-ios-sdk" */;
			productName = FirebaseMessaging;
		};
		A1CCA3142EF31A77004FE4D0 /* FirebasePerformance */ = {
			isa = XCSwiftPackageProductDependency;
			package = A1CCA3012EF31A77004FE4D0 /* XCRemoteSwiftPackageReference "firebase-ios-sdk" */;
			productName = FirebasePerformance;
		};
		A1CCA3162EF31A77004FE4D0 /* FirebaseStorage */ = {
			isa = XCSwiftPackageProductDependency;
			package = A1CCA3012EF31A77004FE4D0 /* XCRemoteSwiftPackageReference "firebase-ios-sdk" */;
			productName = FirebaseStorage;
		};
		A1CCA35D2EF9B462004FE4D0 /* GoogleSignIn */ = {
			isa = XCSwiftPackageProductDependency;
			package = A1CCA35C2EF9B462004FE4D0 /* XCRemoteSwiftPackageReference "GoogleSignIn-iOS" */;
			productName = GoogleSignIn;
		};
		A1CCA35F2EF9B462004FE4D0 /* GoogleSignInSwift */ = {
			isa = XCSwiftPackageProductDependency;
			package = A1CCA35C2EF9B462004FE4D0 /* XCRemoteSwiftPackageReference "GoogleSignIn-iOS" */;
			productName = GoogleSignInSwift;
		};
/* End XCSwiftPackageProductDependency section */
	};
	rootObject = A1CCA0912EF294A3004FE4D0 /* Project object */;
}
